
Microsoft Visual Studio Solution File, Format Version 12.00
# Visual Studio Version 17
VisualStudioVersion = 17.5.33627.172
MinimumVisualStudioVersion = 10.0.40219.1
Project("{FAE04EC0-301F-11D3-BF4B-00C04F79EFBC}") = "noidea", "noidea\noidea.csproj", "{F9B7B543-1BB8-40A2-8B00-49C14F4A4CDA}"
EndProject
Global
	GlobalSection(SolutionConfigurationPlatforms) = preSolution
		Debug|Any CPU = Debug|Any CPU
		Release|Any CPU = Release|Any CPU
	EndGlobalSection
	GlobalSection(ProjectConfigurationPlatforms) = postSolution
		{F9B7B543-1BB8-40A2-8B00-49C14F4A4CDA}.Debug|Any CPU.ActiveCfg = Debug|Any CPU
		{F9B7B543-1BB8-40A2-8B00-49C14F4A4CDA}.Debug|Any CPU.Build.0 = Debug|Any CPU
		{F9B7B543-1BB8-40A2-8B00-49C14F4A4CDA}.Release|Any CPU.ActiveCfg = Release|Any CPU
		{F9B7B543-1BB8-40A2-8B00-49C14F4A4CDA}.Release|Any CPU.Build.0 = Release|Any CPU
	EndGlobalSection
	GlobalSection(SolutionProperties) = preSolution
		HideSolutionNode = FALSE
	EndGlobalSection
	GlobalSection(ExtensibilityGlobals) = postSolution
		SolutionGuid = {9530E215-8CEC-4C53-B6EE-A7ED909816FC}
	EndGlobalSection
EndGlobal
